# THIS IS AN AUTOGENERATED FILE. DO NOT EDIT THIS FILE DIRECTLY.
# yarn lockfile v1


"@types/node@^10.7.1":
  version "10.7.1"
  resolved "https://registry.yarnpkg.com/@types/node/-/node-10.7.1.tgz#b704d7c259aa40ee052eec678758a68d07132a2e"

net@^1.0.2:
  version "1.0.2"
  resolved "https://registry.yarnpkg.com/net/-/net-1.0.2.tgz#d1757ec9a7fb2371d83cf4755ce3e27e10829388"
